
Microsoft Visual Studio Solution File, Format Version 12.00
# Visual Studio 15
VisualStudioVersion = 15.0.27130.2036
MinimumVisualStudioVersion = 10.0.40219.1
Project("{FAE04EC0-301F-11D3-BF4B-00C04F79EFBC}") = "CRMAuto", "CRMAuto\CRMAuto.csproj", "{CC343C8C-3AA9-49F8-8593-D45F3B4EF44B}"
EndProject
Global
	GlobalSection(SolutionConfigurationPlatforms) = preSolution
		Debug|Any CPU = Debug|Any CPU
		Release|Any CPU = Release|Any CPU
	EndGlobalSection
	GlobalSection(ProjectConfigurationPlatforms) = postSolution
		{CC343C8C-3AA9-49F8-8593-D45F3B4EF44B}.Debug|Any CPU.ActiveCfg = Debug|Any CPU
		{CC343C8C-3AA9-49F8-8593-D45F3B4EF44B}.Debug|Any CPU.Build.0 = Debug|Any CPU
		{CC343C8C-3AA9-49F8-8593-D45F3B4EF44B}.Release|Any CPU.ActiveCfg = Release|Any CPU
		{CC343C8C-3AA9-49F8-8593-D45F3B4EF44B}.Release|Any CPU.Build.0 = Release|Any CPU
	EndGlobalSection
	GlobalSection(SolutionProperties) = preSolution
		HideSolutionNode = FALSE
	EndGlobalSection
	GlobalSection(ExtensibilityGlobals) = postSolution
		SolutionGuid = {8B703090-EB7A-4079-848C-659E5406A0BB}
	EndGlobalSection
EndGlobal
